
Microsoft Visual Studio Solution File, Format Version 12.00
# Visual Studio Version 17
VisualStudioVersion = 17.11.35222.181
MinimumVisualStudioVersion = 10.0.40219.1
Project("{FAE04EC0-301F-11D3-BF4B-00C04F79EFBC}") = "lab4", "lab4\lab4.csproj", "{B3F657BD-398D-4E7F-9100-25337B4C9D93}"
EndProject
Global
	GlobalSection(SolutionConfigurationPlatforms) = preSolution
		Debug|Any CPU = Debug|Any CPU
		Release|Any CPU = Release|Any CPU
	EndGlobalSection
	GlobalSection(ProjectConfigurationPlatforms) = postSolution
		{B3F657BD-398D-4E7F-9100-25337B4C9D93}.Debug|Any CPU.ActiveCfg = Debug|Any CPU
		{B3F657BD-398D-4E7F-9100-25337B4C9D93}.Debug|Any CPU.Build.0 = Debug|Any CPU
		{B3F657BD-398D-4E7F-9100-25337B4C9D93}.Release|Any CPU.ActiveCfg = Release|Any CPU
		{B3F657BD-398D-4E7F-9100-25337B4C9D93}.Release|Any CPU.Build.0 = Release|Any CPU
	EndGlobalSection
	GlobalSection(SolutionProperties) = preSolution
		HideSolutionNode = FALSE
	EndGlobalSection
	GlobalSection(ExtensibilityGlobals) = postSolution
		SolutionGuid = {D11BD9EC-BCD7-43AD-8B42-2C014C89854E}
	EndGlobalSection
EndGlobal
